
Microsoft Visual Studio Solution File, Format Version 12.00
# Visual Studio 2013
VisualStudioVersion = 12.0.31101.0
MinimumVisualStudioVersion = 10.0.40219.1
Project("{FAE04EC0-301F-11D3-BF4B-00C04F79EFBC}") = "JuegoDeDados", "JuegoDeDados\JuegoDeDados.csproj", "{F875D98A-67A3-4AD7-B360-455CC615360B}"
EndProject
Global
	GlobalSection(SolutionConfigurationPlatforms) = preSolution
		Debug|Any CPU = Debug|Any CPU
		Release|Any CPU = Release|Any CPU
	EndGlobalSection
	GlobalSection(ProjectConfigurationPlatforms) = postSolution
		{F875D98A-67A3-4AD7-B360-455CC615360B}.Debug|Any CPU.ActiveCfg = Debug|Any CPU
		{F875D98A-67A3-4AD7-B360-455CC615360B}.Debug|Any CPU.Build.0 = Debug|Any CPU
		{F875D98A-67A3-4AD7-B360-455CC615360B}.Release|Any CPU.ActiveCfg = Release|Any CPU
		{F875D98A-67A3-4AD7-B360-455CC615360B}.Release|Any CPU.Build.0 = Release|Any CPU
	EndGlobalSection
	GlobalSection(SolutionProperties) = preSolution
		HideSolutionNode = FALSE
	EndGlobalSection
EndGlobal
